// !$*UTF8*$!
{
	archiveVersion = 1;
	classes = {
	};
	objectVersion = 48;
	objects = {

/* Begin PBXBuildFile section */
		18AB32029FCDC13886937075 /* Pods_AR_Planes.framework in Frameworks */ = {isa = PBXBuildFile; fileRef = A316EF298119193D66BD6418 /* Pods_AR_Planes.framework */; };
		2E594EFD1F7D54620050E4EF /* WebSocketManager.swift in Sources */ = {isa = PBXBuildFile; fileRef = 2E594EFC1F7D54620050E4EF /* WebSocketManager.swift */; };
		2E594F021F7D600F0050E4EF /* server_stub_atlanta.json in Resources */ = {isa = PBXBuildFile; fileRef = 2E594F011F7D600F0050E4EF /* server_stub_atlanta.json */; };
		2E594F041F7D63C20050E4EF /* Stub.swift in Sources */ = {isa = PBXBuildFile; fileRef = 2E594F031F7D63C20050E4EF /* Stub.swift */; };
		2E6740921F6D018400EEF5CE /* AppDelegate.swift in Sources */ = {isa = PBXBuildFile; fileRef = 2E6740911F6D018400EEF5CE /* AppDelegate.swift */; };
		2E6740961F6D018400EEF5CE /* ViewController.swift in Sources */ = {isa = PBXBuildFile; fileRef = 2E6740951F6D018400EEF5CE /* ViewController.swift */; };
		2E6740991F6D018400EEF5CE /* Main.storyboard in Resources */ = {isa = PBXBuildFile; fileRef = 2E6740971F6D018400EEF5CE /* Main.storyboard */; };
		2E67409B1F6D018400EEF5CE /* Assets.xcassets in Resources */ = {isa = PBXBuildFile; fileRef = 2E67409A1F6D018400EEF5CE /* Assets.xcassets */; };
		2E67409E1F6D018400EEF5CE /* LaunchScreen.storyboard in Resources */ = {isa = PBXBuildFile; fileRef = 2E67409C1F6D018400EEF5CE /* LaunchScreen.storyboard */; };
		2E6740A61F6D728200EEF5CE /* Flight.swift in Sources */ = {isa = PBXBuildFile; fileRef = 2E6740A51F6D728200EEF5CE /* Flight.swift */; };
		2E6740B01F6DA20000EEF5CE /* 777.obj in Resources */ = {isa = PBXBuildFile; fileRef = 2E6740AF1F6DA1FF00EEF5CE /* 777.obj */; };
		2E96BFDF1F6E3CA0001BCBAA /* server_stub_waterloo.json in Resources */ = {isa = PBXBuildFile; fileRef = 2E96BFDE1F6E3CA0001BCBAA /* server_stub_waterloo.json */; };
		2EE5C8C81F6E2AF800207142 /* StatusCard.xib in Resources */ = {isa = PBXBuildFile; fileRef = 2EE5C8C71F6E2AF800207142 /* StatusCard.xib */; };
		2EF1DB741F6E0669004634E6 /* FlightStatusCardView.swift in Sources */ = {isa = PBXBuildFile; fileRef = 2EF1DB731F6E0669004634E6 /* FlightStatusCardView.swift */; };
/* End PBXBuildFile section */

/* Begin PBXFileReference section */
		0606FDA1BCAABFC888806841 /* Pods-AR Planes.release.xcconfig */ = {isa = PBXFileReference; includeInIndex = 1; lastKnownFileType = text.xcconfig; name = "Pods-AR Planes.release.xcconfig"; path = "Pods/Target Support Files/Pods-AR Planes/Pods-AR Planes.release.xcconfig"; sourceTree = "<group>"; };
		251096B6E696B249EB3C1D11 /* Pods-AR Planes.debug.xcconfig */ = {isa = PBXFileReference; includeInIndex = 1; lastKnownFileType = text.xcconfig; name = "Pods-AR Planes.debug.xcconfig"; path = "Pods/Target Support Files/Pods-AR Planes/Pods-AR Planes.debug.xcconfig"; sourceTree = "<group>"; };
		2E594EFC1F7D54620050E4EF /* WebSocketManager.swift */ = {isa = PBXFileReference; lastKnownFileType = sourcecode.swift; path = WebSocketManager.swift; sourceTree = "<group>"; };
		2E594F011F7D600F0050E4EF /* server_stub_atlanta.json */ = {isa = PBXFileReference; lastKnownFileType = text.json; path = server_stub_atlanta.json; sourceTree = "<group>"; };
		2E594F031F7D63C20050E4EF /* Stub.swift */ = {isa = PBXFileReference; lastKnownFileType = sourcecode.swift; path = Stub.swift; sourceTree = "<group>"; };
		2E67408E1F6D018400EEF5CE /* AR Planes.app */ = {isa = PBXFileReference; explicitFileType = wrapper.application; includeInIndex = 0; path = "AR Planes.app"; sourceTree = BUILT_PRODUCTS_DIR; };
		2E6740911F6D018400EEF5CE /* AppDelegate.swift */ = {isa = PBXFileReference; lastKnownFileType = sourcecode.swift; path = AppDelegate.swift; sourceTree = "<group>"; };
		2E6740951F6D018400EEF5CE /* ViewController.swift */ = {isa = PBXFileReference; lastKnownFileType = sourcecode.swift; path = ViewController.swift; sourceTree = "<group>"; };
		2E6740981F6D018400EEF5CE /* Base */ = {isa = PBXFileReference; lastKnownFileType = file.storyboard; name = Base; path = Base.lproj/Main.storyboard; sourceTree = "<group>"; };
		2E67409A1F6D018400EEF5CE /* Assets.xcassets */ = {isa = PBXFileReference; lastKnownFileType = folder.assetcatalog; path = Assets.xcassets; sourceTree = "<group>"; };
		2E67409D1F6D018400EEF5CE /* Base */ = {isa = PBXFileReference; lastKnownFileType = file.storyboard; name = Base; path = Base.lproj/LaunchScreen.storyboard; sourceTree = "<group>"; };
		2E67409F1F6D018400EEF5CE /* Info.plist */ = {isa = PBXFileReference; lastKnownFileType = text.plist.xml; path = Info.plist; sourceTree = "<group>"; };
		2E6740A51F6D728200EEF5CE /* Flight.swift */ = {isa = PBXFileReference; lastKnownFileType = sourcecode.swift; path = Flight.swift; sourceTree = "<group>"; };
		2E6740AF1F6DA1FF00EEF5CE /* 777.obj */ = {isa = PBXFileReference; fileEncoding = 4; lastKnownFileType = text; path = 777.obj; sourceTree = "<group>"; };
		2E96BFDE1F6E3CA0001BCBAA /* server_stub_waterloo.json */ = {isa = PBXFileReference; lastKnownFileType = text.json; path = server_stub_waterloo.json; sourceTree = "<group>"; };
		2EE5C8C71F6E2AF800207142 /* StatusCard.xib */ = {isa = PBXFileReference; fileEncoding = 4; lastKnownFileType = file.xib; path = StatusCard.xib; sourceTree = "<group>"; };
		2EF1DB731F6E0669004634E6 /* FlightStatusCardView.swift */ = {isa = PBXFileReference; lastKnownFileType = sourcecode.swift; path = FlightStatusCardView.swift; sourceTree = "<group>"; };
		A316EF298119193D66BD6418 /* Pods_AR_Planes.framework */ = {isa = PBXFileReference; explicitFileType = wrapper.framework; includeInIndex = 0; path = Pods_AR_Planes.framework; sourceTree = BUILT_PRODUCTS_DIR; };
/* End PBXFileReference section */

/* Begin PBXFrameworksBuildPhase section */
		2E67408B1F6D018400EEF5CE /* Frameworks */ = {
			isa = PBXFrameworksBuildPhase;
			buildActionMask = 2147483647;
			files = (
				18AB32029FCDC13886937075 /* Pods_AR_Planes.framework in Frameworks */,
			);
			runOnlyForDeploymentPostprocessing = 0;
		};
/* End PBXFrameworksBuildPhase section */

/* Begin PBXGroup section */
		0E80505C8878F246E2DF2F79 /* Pods */ = {
			isa = PBXGroup;
			children = (
				251096B6E696B249EB3C1D11 /* Pods-AR Planes.debug.xcconfig */,
				0606FDA1BCAABFC888806841 /* Pods-AR Planes.release.xcconfig */,
			);
			name = Pods;
			sourceTree = "<group>";
		};
		2E594EFE1F7D5A020050E4EF /* Model */ = {
			isa = PBXGroup;
			children = (
				2E594F001F7D5FCF0050E4EF /* Stubs */,
				2E594EFC1F7D54620050E4EF /* WebSocketManager.swift */,
				2E6740A51F6D728200EEF5CE /* Flight.swift */,
			);
			path = Model;
			sourceTree = "<group>";
		};
		2E594EFF1F7D5A100050E4EF /* Views */ = {
			isa = PBXGroup;
			children = (
				2EF1DB731F6E0669004634E6 /* FlightStatusCardView.swift */,
				2EE5C8C71F6E2AF800207142 /* StatusCard.xib */,
			);
			path = Views;
			sourceTree = "<group>";
		};
		2E594F001F7D5FCF0050E4EF /* Stubs */ = {
			isa = PBXGroup;
			children = (
				2E594F031F7D63C20050E4EF /* Stub.swift */,
				2E594F011F7D600F0050E4EF /* server_stub_atlanta.json */,
				2E96BFDE1F6E3CA0001BCBAA /* server_stub_waterloo.json */,
			);
			path = Stubs;
			sourceTree = "<group>";
		};
		2E6740851F6D018400EEF5CE = {
			isa = PBXGroup;
			children = (
				2E6740901F6D018400EEF5CE /* AR Planes */,
				2E67408F1F6D018400EEF5CE /* Products */,
				0E80505C8878F246E2DF2F79 /* Pods */,
				6DEADCDFDEC8167B8B75412A /* Frameworks */,
			);
			sourceTree = "<group>";
		};
		2E67408F1F6D018400EEF5CE /* Products */ = {
			isa = PBXGroup;
			children = (
				2E67408E1F6D018400EEF5CE /* AR Planes.app */,
			);
			name = Products;
			sourceTree = "<group>";
		};
		2E6740901F6D018400EEF5CE /* AR Planes */ = {
			isa = PBXGroup;
			children = (
				2E6740911F6D018400EEF5CE /* AppDelegate.swift */,
				2E6740951F6D018400EEF5CE /* ViewController.swift */,
				2E594EFF1F7D5A100050E4EF /* Views */,
				2E594EFE1F7D5A020050E4EF /* Model */,
				2E6740971F6D018400EEF5CE /* Main.storyboard */,
				2E67409C1F6D018400EEF5CE /* LaunchScreen.storyboard */,
				2E6740AF1F6DA1FF00EEF5CE /* 777.obj */,
				2E67409A1F6D018400EEF5CE /* Assets.xcassets */,
				2E67409F1F6D018400EEF5CE /* Info.plist */,
			);
			path = "AR Planes";
			sourceTree = "<group>";
		};
		6DEADCDFDEC8167B8B75412A /* Frameworks */ = {
			isa = PBXGroup;
			children = (
				A316EF298119193D66BD6418 /* Pods_AR_Planes.framework */,
			);
			name = Frameworks;
			sourceTree = "<group>";
		};
/* End PBXGroup section */

/* Begin PBXNativeTarget section */
		2E67408D1F6D018400EEF5CE /* AR Planes */ = {
			isa = PBXNativeTarget;
			buildConfigurationList = 2E6740A21F6D018400EEF5CE /* Build configuration list for PBXNativeTarget "AR Planes" */;
			buildPhases = (
				45687045972B85B8D7714B44 /* [CP] Check Pods Manifest.lock */,
				2E67408A1F6D018400EEF5CE /* Sources */,
				2E67408B1F6D018400EEF5CE /* Frameworks */,
				2E67408C1F6D018400EEF5CE /* Resources */,
				8D9AF0457D6078518B8948BF /* [CP] Embed Pods Frameworks */,
				D7D8637B5F4DD22988739105 /* [CP] Copy Pods Resources */,
			);
			buildRules = (
			);
			dependencies = (
			);
			name = "AR Planes";
			productName = "AR Planes";
			productReference = 2E67408E1F6D018400EEF5CE /* AR Planes.app */;
			productType = "com.apple.product-type.application";
		};
/* End PBXNativeTarget section */

/* Begin PBXProject section */
		2E6740861F6D018400EEF5CE /* Project object */ = {
			isa = PBXProject;
			attributes = {
				LastSwiftUpdateCheck = 0900;
				LastUpgradeCheck = 0900;
				ORGANIZATIONNAME = "Hack the North";
				TargetAttributes = {
					2E67408D1F6D018400EEF5CE = {
						CreatedOnToolsVersion = 9.0;
					};
				};
			};
			buildConfigurationList = 2E6740891F6D018400EEF5CE /* Build configuration list for PBXProject "AR Planes" */;
			compatibilityVersion = "Xcode 8.0";
			developmentRegion = en;
			hasScannedForEncodings = 0;
			knownRegions = (
				en,
				Base,
			);
			mainGroup = 2E6740851F6D018400EEF5CE;
			productRefGroup = 2E67408F1F6D018400EEF5CE /* Products */;
			projectDirPath = "";
			projectRoot = "";
			targets = (
				2E67408D1F6D018400EEF5CE /* AR Planes */,
			);
		};
/* End PBXProject section */

/* Begin PBXResourcesBuildPhase section */
		2E67408C1F6D018400EEF5CE /* Resources */ = {
			isa = PBXResourcesBuildPhase;
			buildActionMask = 2147483647;
			files = (
				2E96BFDF1F6E3CA0001BCBAA /* server_stub_waterloo.json in Resources */,
				2E6740B01F6DA20000EEF5CE /* 777.obj in Resources */,
				2E67409E1F6D018400EEF5CE /* LaunchScreen.storyboard in Resources */,
				2EE5C8C81F6E2AF800207142 /* StatusCard.xib in Resources */,
				2E67409B1F6D018400EEF5CE /* Assets.xcassets in Resources */,
				2E594F021F7D600F0050E4EF /* server_stub_atlanta.json in Resources */,
				2E6740991F6D018400EEF5CE /* Main.storyboard in Resources */,
			);
			runOnlyForDeploymentPostprocessing = 0;
		};
/* End PBXResourcesBuildPhase section */

/* Begin PBXShellScriptBuildPhase section */
		45687045972B85B8D7714B44 /* [CP] Check Pods Manifest.lock */ = {
			isa = PBXShellScriptBuildPhase;
			buildActionMask = 2147483647;
			files = (
			);
			inputPaths = (
			);
			name = "[CP] Check Pods Manifest.lock";
			outputPaths = (
			);
			runOnlyForDeploymentPostprocessing = 0;
			shellPath = /bin/sh;
			shellScript = "diff \"${PODS_ROOT}/../Podfile.lock\" \"${PODS_ROOT}/Manifest.lock\" > /dev/null\nif [ $? != 0 ] ; then\n    # print error to STDERR\n    echo \"error: The sandbox is not in sync with the Podfile.lock. Run 'pod install' or update your CocoaPods installation.\" >&2\n    exit 1\nfi\n";
			showEnvVarsInLog = 0;
		};
		8D9AF0457D6078518B8948BF /* [CP] Embed Pods Frameworks */ = {
			isa = PBXShellScriptBuildPhase;
			buildActionMask = 2147483647;
			files = (
			);
			inputPaths = (
			);
			name = "[CP] Embed Pods Frameworks";
			outputPaths = (
			);
			runOnlyForDeploymentPostprocessing = 0;
			shellPath = /bin/sh;
			shellScript = "\"${SRCROOT}/Pods/Target Support Files/Pods-AR Planes/Pods-AR Planes-frameworks.sh\"\n";
			showEnvVarsInLog = 0;
		};
		D7D8637B5F4DD22988739105 /* [CP] Copy Pods Resources */ = {
			isa = PBXShellScriptBuildPhase;
			buildActionMask = 2147483647;
			files = (
			);
			inputPaths = (
			);
			name = "[CP] Copy Pods Resources";
			outputPaths = (
			);
			runOnlyForDeploymentPostprocessing = 0;
			shellPath = /bin/sh;
			shellScript = "\"${SRCROOT}/Pods/Target Support Files/Pods-AR Planes/Pods-AR Planes-resources.sh\"\n";
			showEnvVarsInLog = 0;
		};
/* End PBXShellScriptBuildPhase section */

/* Begin PBXSourcesBuildPhase section */
		2E67408A1F6D018400EEF5CE /* Sources */ = {
			isa = PBXSourcesBuildPhase;
			buildActionMask = 2147483647;
			files = (
				2EF1DB741F6E0669004634E6 /* FlightStatusCardView.swift in Sources */,
				2E594F041F7D63C20050E4EF /* Stub.swift in Sources */,
				2E594EFD1F7D54620050E4EF /* WebSocketManager.swift in Sources */,
				2E6740A61F6D728200EEF5CE /* Flight.swift in Sources */,
				2E6740961F6D018400EEF5CE /* ViewController.swift in Sources */,
				2E6740921F6D018400EEF5CE /* AppDelegate.swift in Sources */,
			);
			runOnlyForDeploymentPostprocessing = 0;
		};
/* End PBXSourcesBuildPhase section */

/* Begin PBXVariantGroup section */
		2E6740971F6D018400EEF5CE /* Main.storyboard */ = {
			isa = PBXVariantGroup;
			children = (
				2E6740981F6D018400EEF5CE /* Base */,
			);
			name = Main.storyboard;
			sourceTree = "<group>";
		};
		2E67409C1F6D018400EEF5CE /* LaunchScreen.storyboard */ = {
			isa = PBXVariantGroup;
			children = (
				2E67409D1F6D018400EEF5CE /* Base */,
			);
			name = LaunchScreen.storyboard;
			sourceTree = "<group>";
		};
/* End PBXVariantGroup section */

/* Begin XCBuildConfiguration section */
		2E6740A01F6D018400EEF5CE /* Debug */ = {
			isa = XCBuildConfiguration;
			buildSettings = {
				ALWAYS_SEARCH_USER_PATHS = NO;
				CLANG_ANALYZER_NONNULL = YES;
				CLANG_ANALYZER_NUMBER_OBJECT_CONVERSION = YES_AGGRESSIVE;
				CLANG_CXX_LANGUAGE_STANDARD = "gnu++14";
				CLANG_CXX_LIBRARY = "libc++";
				CLANG_ENABLE_MODULES = YES;
				CLANG_ENABLE_OBJC_ARC = YES;
				CLANG_WARN_BLOCK_CAPTURE_AUTORELEASING = YES;
				CLANG_WARN_BOOL_CONVERSION = YES;
				CLANG_WARN_COMMA = YES;
				CLANG_WARN_CONSTANT_CONVERSION = YES;
				CLANG_WARN_DIRECT_OBJC_ISA_USAGE = YES_ERROR;
				CLANG_WARN_DOCUMENTATION_COMMENTS = YES;
				CLANG_WARN_EMPTY_BODY = YES;
				CLANG_WARN_ENUM_CONVERSION = YES;
				CLANG_WARN_INFINITE_RECURSION = YES;
				CLANG_WARN_INT_CONVERSION = YES;
				CLANG_WARN_OBJC_ROOT_CLASS = YES_ERROR;
				CLANG_WARN_RANGE_LOOP_ANALYSIS = YES;
				CLANG_WARN_STRICT_PROTOTYPES = YES;
				CLANG_WARN_SUSPICIOUS_MOVE = YES;
				CLANG_WARN_UNGUARDED_AVAILABILITY = YES_AGGRESSIVE;
				CLANG_WARN_UNREACHABLE_CODE = YES;
				CLANG_WARN__DUPLICATE_METHOD_MATCH = YES;
				CODE_SIGN_IDENTITY = "iPhone Developer";
				COPY_PHASE_STRIP = NO;
				DEBUG_INFORMATION_FORMAT = dwarf;
				ENABLE_STRICT_OBJC_MSGSEND = YES;
				ENABLE_TESTABILITY = YES;
				GCC_C_LANGUAGE_STANDARD = gnu11;
				GCC_DYNAMIC_NO_PIC = NO;
				GCC_NO_COMMON_BLOCKS = YES;
				GCC_OPTIMIZATION_LEVEL = 0;
				GCC_PREPROCESSOR_DEFINITIONS = (
					"DEBUG=1",
					"$(inherited)",
				);
				GCC_WARN_64_TO_32_BIT_CONVERSION = YES;
				GCC_WARN_ABOUT_RETURN_TYPE = YES_ERROR;
				GCC_WARN_UNDECLARED_SELECTOR = YES;
				GCC_WARN_UNINITIALIZED_AUTOS = YES_AGGRESSIVE;
				GCC_WARN_UNUSED_FUNCTION = YES;
				GCC_WARN_UNUSED_VARIABLE = YES;
				IPHONEOS_DEPLOYMENT_TARGET = 11.0;
				MTL_ENABLE_DEBUG_INFO = YES;
				ONLY_ACTIVE_ARCH = YES;
				SDKROOT = iphoneos;
				SWIFT_ACTIVE_COMPILATION_CONDITIONS = DEBUG;
				SWIFT_OPTIMIZATION_LEVEL = "-Onone";
			};
			name = Debug;
		};
		2E6740A11F6D018400EEF5CE /* Release */ = {
			isa = XCBuildConfiguration;
			buildSettings = {
				ALWAYS_SEARCH_USER_PATHS = NO;
				CLANG_ANALYZER_NONNULL = YES;
				CLANG_ANALYZER_NUMBER_OBJECT_CONVERSION = YES_AGGRESSIVE;
				CLANG_CXX_LANGUAGE_STANDARD = "gnu++14";
				CLANG_CXX_LIBRARY = "libc++";
				CLANG_ENABLE_MODULES = YES;
				CLANG_ENABLE_OBJC_ARC = YES;
				CLANG_WARN_BLOCK_CAPTURE_AUTORELEASING = YES;
				CLANG_WARN_BOOL_CONVERSION = YES;
				CLANG_WARN_COMMA = YES;
				CLANG_WARN_CONSTANT_CONVERSION = YES;
				CLANG_WARN_DIRECT_OBJC_ISA_USAGE = YES_ERROR;
				CLANG_WARN_DOCUMENTATION_COMMENTS = YES;
				CLANG_WARN_EMPTY_BODY = YES;
				CLANG_WARN_ENUM_CONVERSION = YES;
				CLANG_WARN_INFINITE_RECURSION = YES;
				CLANG_WARN_INT_CONVERSION = YES;
				CLANG_WARN_OBJC_ROOT_CLASS = YES_ERROR;
				CLANG_WARN_RANGE_LOOP_ANALYSIS = YES;
				CLANG_WARN_STRICT_PROTOTYPES = YES;
				CLANG_WARN_SUSPICIOUS_MOVE = YES;
				CLANG_WARN_UNGUARDED_AVAILABILITY = YES_AGGRESSIVE;
				CLANG_WARN_UNREACHABLE_CODE = YES;
				CLANG_WARN__DUPLICATE_METHOD_MATCH = YES;
				CODE_SIGN_IDENTITY = "iPhone Developer";
				COPY_PHASE_STRIP = NO;
				DEBUG_INFORMATION_FORMAT = "dwarf-with-dsym";
				ENABLE_NS_ASSERTIONS = NO;
				ENABLE_STRICT_OBJC_MSGSEND = YES;
				GCC_C_LANGUAGE_STANDARD = gnu11;
				GCC_NO_COMMON_BLOCKS = YES;
				GCC_WARN_64_TO_32_BIT_CONVERSION = YES;
				GCC_WARN_ABOUT_RETURN_TYPE = YES_ERROR;
				GCC_WARN_UNDECLARED_SELECTOR = YES;
				GCC_WARN_UNINITIALIZED_AUTOS = YES_AGGRESSIVE;
				GCC_WARN_UNUSED_FUNCTION = YES;
				GCC_WARN_UNUSED_VARIABLE = YES;
				IPHONEOS_DEPLOYMENT_TARGET = 11.0;
				MTL_ENABLE_DEBUG_INFO = NO;
				SDKROOT = iphoneos;
				SWIFT_OPTIMIZATION_LEVEL = "-Owholemodule";
				VALIDATE_PRODUCT = YES;
			};
			name = Release;
		};
		2E6740A31F6D018400EEF5CE /* Debug */ = {
			isa = XCBuildConfiguration;
			baseConfigurationReference = 251096B6E696B249EB3C1D11 /* Pods-AR Planes.debug.xcconfig */;
			buildSettings = {
				ASSETCATALOG_COMPILER_APPICON_NAME = AppIcon;
				DEVELOPMENT_TEAM = FZ89A5SZ7C;
				INFOPLIST_FILE = "AR Planes/Info.plist";
				LD_RUNPATH_SEARCH_PATHS = "$(inherited) @executable_path/Frameworks";
				PRODUCT_BUNDLE_IDENTIFIER = "com.hackthenorth.AR-Planes";
				PRODUCT_NAME = "$(TARGET_NAME)";
				SWIFT_VERSION = 4.0;
				TARGETED_DEVICE_FAMILY = "1,2";
			};
			name = Debug;
		};
		2E6740A41F6D018400EEF5CE /* Release */ = {
			isa = XCBuildConfiguration;
			baseConfigurationReference = 0606FDA1BCAABFC888806841 /* Pods-AR Planes.release.xcconfig */;
			buildSettings = {
				ASSETCATALOG_COMPILER_APPICON_NAME = AppIcon;
				DEVELOPMENT_TEAM = FZ89A5SZ7C;
				INFOPLIST_FILE = "AR Planes/Info.plist";
				LD_RUNPATH_SEARCH_PATHS = "$(inherited) @executable_path/Frameworks";
				PRODUCT_BUNDLE_IDENTIFIER = "com.hackthenorth.AR-Planes";
				PRODUCT_NAME = "$(TARGET_NAME)";
				SWIFT_VERSION = 4.0;
				TARGETED_DEVICE_FAMILY = "1,2";
			};
			name = Release;
		};
/* End XCBuildConfiguration section */

/* Begin XCConfigurationList section */
		2E6740891F6D018400EEF5CE /* Build configuration list for PBXProject "AR Planes" */ = {
			isa = XCConfigurationList;
			buildConfigurations = (
				2E6740A01F6D018400EEF5CE /* Debug */,
				2E6740A11F6D018400EEF5CE /* Release */,
			);
			defaultConfigurationIsVisible = 0;
			defaultConfigurationName = Release;
		};
		2E6740A21F6D018400EEF5CE /* Build configuration list for PBXNativeTarget "AR Planes" */ = {
			isa = XCConfigurationList;
			buildConfigurations = (
				2E6740A31F6D018400EEF5CE /* Debug */,
				2E6740A41F6D018400EEF5CE /* Release */,
			);
			defaultConfigurationIsVisible = 0;
			defaultConfigurationName = Release;
		};
/* End XCConfigurationList section */
	};
	rootObject = 2E6740861F6D018400EEF5CE /* Project object */;
}
